
Microsoft Visual Studio Solution File, Format Version 12.00
# Visual Studio 15
VisualStudioVersion = 15.0.27428.2015
MinimumVisualStudioVersion = 10.0.40219.1
Project("{FAE04EC0-301F-11D3-BF4B-00C04F79EFBC}") = "StudentManagement", "StudentManagement\StudentManagement.csproj", "{D471CA06-848B-4913-B16C-8682FE33046A}"
EndProject
Project("{FAE04EC0-301F-11D3-BF4B-00C04F79EFBC}") = "StudentManagementTest", "StudentManagementTest\StudentManagementTest.csproj", "{FDC9B43E-F46F-4C71-B76D-833281811CA8}"
EndProject
Project("{FAE04EC0-301F-11D3-BF4B-00C04F79EFBC}") = "StudentProgram", "StudentProgram\StudentProgram.csproj", "{7E577278-B8D3-416E-937A-7743C792F818}"
EndProject
Project("{FAE04EC0-301F-11D3-BF4B-00C04F79EFBC}") = "TeacherProgram", "TeacherProgram\TeacherProgram.csproj", "{5689F575-4FCA-430C-875F-FB90E875E262}"
EndProject
Global
	GlobalSection(SolutionConfigurationPlatforms) = preSolution
		Debug|Any CPU = Debug|Any CPU
		Release|Any CPU = Release|Any CPU
	EndGlobalSection
	GlobalSection(ProjectConfigurationPlatforms) = postSolution
		{D471CA06-848B-4913-B16C-8682FE33046A}.Debug|Any CPU.ActiveCfg = Debug|Any CPU
		{D471CA06-848B-4913-B16C-8682FE33046A}.Debug|Any CPU.Build.0 = Debug|Any CPU
		{D471CA06-848B-4913-B16C-8682FE33046A}.Release|Any CPU.ActiveCfg = Release|Any CPU
		{D471CA06-848B-4913-B16C-8682FE33046A}.Release|Any CPU.Build.0 = Release|Any CPU
		{FDC9B43E-F46F-4C71-B76D-833281811CA8}.Debug|Any CPU.ActiveCfg = Debug|Any CPU
		{FDC9B43E-F46F-4C71-B76D-833281811CA8}.Debug|Any CPU.Build.0 = Debug|Any CPU
		{FDC9B43E-F46F-4C71-B76D-833281811CA8}.Release|Any CPU.ActiveCfg = Release|Any CPU
		{FDC9B43E-F46F-4C71-B76D-833281811CA8}.Release|Any CPU.Build.0 = Release|Any CPU
		{7E577278-B8D3-416E-937A-7743C792F818}.Debug|Any CPU.ActiveCfg = Debug|Any CPU
		{7E577278-B8D3-416E-937A-7743C792F818}.Debug|Any CPU.Build.0 = Debug|Any CPU
		{7E577278-B8D3-416E-937A-7743C792F818}.Release|Any CPU.ActiveCfg = Release|Any CPU
		{7E577278-B8D3-416E-937A-7743C792F818}.Release|Any CPU.Build.0 = Release|Any CPU
		{5689F575-4FCA-430C-875F-FB90E875E262}.Debug|Any CPU.ActiveCfg = Debug|Any CPU
		{5689F575-4FCA-430C-875F-FB90E875E262}.Debug|Any CPU.Build.0 = Debug|Any CPU
		{5689F575-4FCA-430C-875F-FB90E875E262}.Release|Any CPU.ActiveCfg = Release|Any CPU
		{5689F575-4FCA-430C-875F-FB90E875E262}.Release|Any CPU.Build.0 = Release|Any CPU
	EndGlobalSection
	GlobalSection(SolutionProperties) = preSolution
		HideSolutionNode = FALSE
	EndGlobalSection
	GlobalSection(ExtensibilityGlobals) = postSolution
		SolutionGuid = {717B0756-0CE0-4842-AA21-E8148C43414A}
	EndGlobalSection
EndGlobal
